
Microsoft Visual Studio Solution File, Format Version 12.00
# Visual Studio Version 17
VisualStudioVersion = 17.9.34723.18
MinimumVisualStudioVersion = 10.0.40219.1
Project("{54A90642-561A-4BB1-A94E-469ADEE60C69}") = "GeneClassifier", "GeneClassifier\GeneClassifier.esproj", "{9D0CD57F-E844-4104-9B43-87B8F237224C}"
EndProject
Global
	GlobalSection(SolutionConfigurationPlatforms) = preSolution
		Debug|Any CPU = Debug|Any CPU
		Release|Any CPU = Release|Any CPU
	EndGlobalSection
	GlobalSection(ProjectConfigurationPlatforms) = postSolution
		{9D0CD57F-E844-4104-9B43-87B8F237224C}.Debug|Any CPU.ActiveCfg = Debug|Any CPU
		{9D0CD57F-E844-4104-9B43-87B8F237224C}.Debug|Any CPU.Build.0 = Debug|Any CPU
		{9D0CD57F-E844-4104-9B43-87B8F237224C}.Debug|Any CPU.Deploy.0 = Debug|Any CPU
		{9D0CD57F-E844-4104-9B43-87B8F237224C}.Release|Any CPU.ActiveCfg = Release|Any CPU
		{9D0CD57F-E844-4104-9B43-87B8F237224C}.Release|Any CPU.Build.0 = Release|Any CPU
		{9D0CD57F-E844-4104-9B43-87B8F237224C}.Release|Any CPU.Deploy.0 = Release|Any CPU
	EndGlobalSection
	GlobalSection(SolutionProperties) = preSolution
		HideSolutionNode = FALSE
	EndGlobalSection
	GlobalSection(ExtensibilityGlobals) = postSolution
		SolutionGuid = {F471DE77-F4F7-40F4-9FDE-2A96B24DDFE7}
	EndGlobalSection
EndGlobal
